
Microsoft Visual Studio Solution File, Format Version 12.00
# Visual Studio Version 17
VisualStudioVersion = 17.9.34902.65
MinimumVisualStudioVersion = 10.0.40219.1
Project("{FAE04EC0-301F-11D3-BF4B-00C04F79EFBC}") = "MeshRepair", "MeshRepair\MeshRepair.csproj", "{FA214DB5-1FD9-4161-94E8-A82CD4BB2F65}"
EndProject
Project("{FAE04EC0-301F-11D3-BF4B-00C04F79EFBC}") = "MeshRepairGUI", "MeshRepairGUI\MeshRepairGUI.csproj", "{9CC19409-8756-4D7A-8E7A-BDFEBA817CB3}"
EndProject
Global
	GlobalSection(SolutionConfigurationPlatforms) = preSolution
		Debug|Any CPU = Debug|Any CPU
		Debug|x64 = Debug|x64
		Debug|x86 = Debug|x86
		Release|Any CPU = Release|Any CPU
		Release|x64 = Release|x64
		Release|x86 = Release|x86
	EndGlobalSection
	GlobalSection(ProjectConfigurationPlatforms) = postSolution
		{FA214DB5-1FD9-4161-94E8-A82CD4BB2F65}.Debug|Any CPU.ActiveCfg = Debug|Any CPU
		{FA214DB5-1FD9-4161-94E8-A82CD4BB2F65}.Debug|Any CPU.Build.0 = Debug|Any CPU
		{FA214DB5-1FD9-4161-94E8-A82CD4BB2F65}.Debug|x64.ActiveCfg = Debug|Any CPU
		{FA214DB5-1FD9-4161-94E8-A82CD4BB2F65}.Debug|x64.Build.0 = Debug|Any CPU
		{FA214DB5-1FD9-4161-94E8-A82CD4BB2F65}.Debug|x86.ActiveCfg = Debug|Any CPU
		{FA214DB5-1FD9-4161-94E8-A82CD4BB2F65}.Debug|x86.Build.0 = Debug|Any CPU
		{FA214DB5-1FD9-4161-94E8-A82CD4BB2F65}.Release|Any CPU.ActiveCfg = Release|Any CPU
		{FA214DB5-1FD9-4161-94E8-A82CD4BB2F65}.Release|Any CPU.Build.0 = Release|Any CPU
		{FA214DB5-1FD9-4161-94E8-A82CD4BB2F65}.Release|x64.ActiveCfg = Release|Any CPU
		{FA214DB5-1FD9-4161-94E8-A82CD4BB2F65}.Release|x64.Build.0 = Release|Any CPU
		{FA214DB5-1FD9-4161-94E8-A82CD4BB2F65}.Release|x86.ActiveCfg = Release|Any CPU
		{FA214DB5-1FD9-4161-94E8-A82CD4BB2F65}.Release|x86.Build.0 = Release|Any CPU
		{9CC19409-8756-4D7A-8E7A-BDFEBA817CB3}.Debug|Any CPU.ActiveCfg = Debug|Any CPU
		{9CC19409-8756-4D7A-8E7A-BDFEBA817CB3}.Debug|Any CPU.Build.0 = Debug|Any CPU
		{9CC19409-8756-4D7A-8E7A-BDFEBA817CB3}.Debug|x64.ActiveCfg = Debug|Any CPU
		{9CC19409-8756-4D7A-8E7A-BDFEBA817CB3}.Debug|x64.Build.0 = Debug|Any CPU
		{9CC19409-8756-4D7A-8E7A-BDFEBA817CB3}.Debug|x86.ActiveCfg = Debug|Any CPU
		{9CC19409-8756-4D7A-8E7A-BDFEBA817CB3}.Debug|x86.Build.0 = Debug|Any CPU
		{9CC19409-8756-4D7A-8E7A-BDFEBA817CB3}.Release|Any CPU.ActiveCfg = Release|Any CPU
		{9CC19409-8756-4D7A-8E7A-BDFEBA817CB3}.Release|Any CPU.Build.0 = Release|Any CPU
		{9CC19409-8756-4D7A-8E7A-BDFEBA817CB3}.Release|x64.ActiveCfg = Release|Any CPU
		{9CC19409-8756-4D7A-8E7A-BDFEBA817CB3}.Release|x64.Build.0 = Release|Any CPU
		{9CC19409-8756-4D7A-8E7A-BDFEBA817CB3}.Release|x86.ActiveCfg = Release|Any CPU
		{9CC19409-8756-4D7A-8E7A-BDFEBA817CB3}.Release|x86.Build.0 = Release|Any CPU
	EndGlobalSection
	GlobalSection(SolutionProperties) = preSolution
		HideSolutionNode = FALSE
	EndGlobalSection
	GlobalSection(ExtensibilityGlobals) = postSolution
		SolutionGuid = {3964CF38-AE28-410D-935A-F2CD72886E29}
	EndGlobalSection
EndGlobal
